
Microsoft Visual Studio Solution File, Format Version 12.00
# Visual Studio 15
VisualStudioVersion = 15.0.26730.8
MinimumVisualStudioVersion = 10.0.40219.1
Project("{9A19103F-16F7-4668-BE54-9A1E7A4F7556}") = "ZTImage", "ZTImage\ZTImage.csproj", "{957AC055-A1F5-421D-AE3C-08E250104634}"
EndProject
Project("{FAE04EC0-301F-11D3-BF4B-00C04F79EFBC}") = "DemoFramework", "DemoFramework\DemoFramework.csproj", "{943DF2CD-29D0-41D2-98CE-B8E0A254D2C0}"
EndProject
Project("{9A19103F-16F7-4668-BE54-9A1E7A4F7556}") = "DemoNetCore", "DemoNetCore\DemoNetCore.csproj", "{4682581E-1BA8-4869-8E18-33E6A667D8B4}"
EndProject
Project("{FAE04EC0-301F-11D3-BF4B-00C04F79EFBC}") = "ZTImage.Database", "ZTImage.Database\ZTImage.Database.csproj", "{830DDEB3-AB25-457C-B249-27BF4BC38427}"
EndProject
Global
	GlobalSection(SolutionConfigurationPlatforms) = preSolution
		Debug|Any CPU = Debug|Any CPU
		Release|Any CPU = Release|Any CPU
	EndGlobalSection
	GlobalSection(ProjectConfigurationPlatforms) = postSolution
		{957AC055-A1F5-421D-AE3C-08E250104634}.Debug|Any CPU.ActiveCfg = Debug|Any CPU
		{957AC055-A1F5-421D-AE3C-08E250104634}.Debug|Any CPU.Build.0 = Debug|Any CPU
		{957AC055-A1F5-421D-AE3C-08E250104634}.Release|Any CPU.ActiveCfg = Release|Any CPU
		{957AC055-A1F5-421D-AE3C-08E250104634}.Release|Any CPU.Build.0 = Release|Any CPU
		{943DF2CD-29D0-41D2-98CE-B8E0A254D2C0}.Debug|Any CPU.ActiveCfg = Debug|Any CPU
		{943DF2CD-29D0-41D2-98CE-B8E0A254D2C0}.Debug|Any CPU.Build.0 = Debug|Any CPU
		{943DF2CD-29D0-41D2-98CE-B8E0A254D2C0}.Release|Any CPU.ActiveCfg = Release|Any CPU
		{943DF2CD-29D0-41D2-98CE-B8E0A254D2C0}.Release|Any CPU.Build.0 = Release|Any CPU
		{4682581E-1BA8-4869-8E18-33E6A667D8B4}.Debug|Any CPU.ActiveCfg = Debug|Any CPU
		{4682581E-1BA8-4869-8E18-33E6A667D8B4}.Debug|Any CPU.Build.0 = Debug|Any CPU
		{4682581E-1BA8-4869-8E18-33E6A667D8B4}.Release|Any CPU.ActiveCfg = Release|Any CPU
		{4682581E-1BA8-4869-8E18-33E6A667D8B4}.Release|Any CPU.Build.0 = Release|Any CPU
		{830DDEB3-AB25-457C-B249-27BF4BC38427}.Debug|Any CPU.ActiveCfg = Debug|Any CPU
		{830DDEB3-AB25-457C-B249-27BF4BC38427}.Debug|Any CPU.Build.0 = Debug|Any CPU
		{830DDEB3-AB25-457C-B249-27BF4BC38427}.Release|Any CPU.ActiveCfg = Release|Any CPU
		{830DDEB3-AB25-457C-B249-27BF4BC38427}.Release|Any CPU.Build.0 = Release|Any CPU
	EndGlobalSection
	GlobalSection(SolutionProperties) = preSolution
		HideSolutionNode = FALSE
	EndGlobalSection
	GlobalSection(ExtensibilityGlobals) = postSolution
		SolutionGuid = {E4B10B62-9B23-4F94-9548-3B7FC03CE7B7}
	EndGlobalSection
EndGlobal
