
Microsoft Visual Studio Solution File, Format Version 12.00
# Visual Studio Version 16
VisualStudioVersion = 16.0.29613.14
MinimumVisualStudioVersion = 10.0.40219.1
Project("{9A19103F-16F7-4668-BE54-9A1E7A4F7556}") = "ZTImage", "ZTImage\ZTImage.csproj", "{957AC055-A1F5-421D-AE3C-08E250104634}"
EndProject
Project("{9A19103F-16F7-4668-BE54-9A1E7A4F7556}") = "ZTImage.Database", "ZTImage.Database\ZTImage.Database.csproj", "{830DDEB3-AB25-457C-B249-27BF4BC38427}"
EndProject
Project("{9A19103F-16F7-4668-BE54-9A1E7A4F7556}") = "ZTImage.Log", "ZTImage.Log\ZTImage.Log.csproj", "{E26AB214-0791-4478-A47B-3E070D41D6B2}"
EndProject
Project("{2150E333-8FDC-42A3-9474-1A3956D46DE8}") = "SDKs", "SDKs", "{0276850E-4AAB-4B56-BD57-D87AE48C56EA}"
EndProject
Project("{9A19103F-16F7-4668-BE54-9A1E7A4F7556}") = "ZTImage.WeChat", "SDKs\ZTImage.WeChat\ZTImage.WeChat.csproj", "{AB89EF9B-BF6D-489E-909F-0968775FB027}"
EndProject
Project("{9A19103F-16F7-4668-BE54-9A1E7A4F7556}") = "ZTImage.Easemob", "SDKs\ZTImage.Easemob\ZTImage.Easemob.csproj", "{DE2616F0-27A8-47F5-91CB-CAE134DC8C31}"
EndProject
Project("{9A19103F-16F7-4668-BE54-9A1E7A4F7556}") = "Demo", "ZTImage.Demo\Demo.csproj", "{73572DD4-2BCE-49D7-AA3F-55F9A729B413}"
EndProject
Project("{9A19103F-16F7-4668-BE54-9A1E7A4F7556}") = "ZTImage.DbLite", "ZTImage.DBLite\ZTImage.DbLite.csproj", "{9B209E5E-0DB1-4622-AF03-D2C074335276}"
EndProject
Project("{9A19103F-16F7-4668-BE54-9A1E7A4F7556}") = "ZTImage.TaskQueue", "ZTImage.TaskQueue\ZTImage.TaskQueue.csproj", "{F307C851-2830-4B77-9F09-79FCA4787FA5}"
EndProject
Global
	GlobalSection(SolutionConfigurationPlatforms) = preSolution
		Debug|Any CPU = Debug|Any CPU
		Release|Any CPU = Release|Any CPU
	EndGlobalSection
	GlobalSection(ProjectConfigurationPlatforms) = postSolution
		{957AC055-A1F5-421D-AE3C-08E250104634}.Debug|Any CPU.ActiveCfg = Debug|Any CPU
		{957AC055-A1F5-421D-AE3C-08E250104634}.Debug|Any CPU.Build.0 = Debug|Any CPU
		{957AC055-A1F5-421D-AE3C-08E250104634}.Release|Any CPU.ActiveCfg = Release|Any CPU
		{957AC055-A1F5-421D-AE3C-08E250104634}.Release|Any CPU.Build.0 = Release|Any CPU
		{830DDEB3-AB25-457C-B249-27BF4BC38427}.Debug|Any CPU.ActiveCfg = Debug|Any CPU
		{830DDEB3-AB25-457C-B249-27BF4BC38427}.Debug|Any CPU.Build.0 = Debug|Any CPU
		{830DDEB3-AB25-457C-B249-27BF4BC38427}.Release|Any CPU.ActiveCfg = Release|Any CPU
		{830DDEB3-AB25-457C-B249-27BF4BC38427}.Release|Any CPU.Build.0 = Release|Any CPU
		{E26AB214-0791-4478-A47B-3E070D41D6B2}.Debug|Any CPU.ActiveCfg = Debug|Any CPU
		{E26AB214-0791-4478-A47B-3E070D41D6B2}.Debug|Any CPU.Build.0 = Debug|Any CPU
		{E26AB214-0791-4478-A47B-3E070D41D6B2}.Release|Any CPU.ActiveCfg = Release|Any CPU
		{E26AB214-0791-4478-A47B-3E070D41D6B2}.Release|Any CPU.Build.0 = Release|Any CPU
		{AB89EF9B-BF6D-489E-909F-0968775FB027}.Debug|Any CPU.ActiveCfg = Debug|Any CPU
		{AB89EF9B-BF6D-489E-909F-0968775FB027}.Debug|Any CPU.Build.0 = Debug|Any CPU
		{AB89EF9B-BF6D-489E-909F-0968775FB027}.Release|Any CPU.ActiveCfg = Release|Any CPU
		{AB89EF9B-BF6D-489E-909F-0968775FB027}.Release|Any CPU.Build.0 = Release|Any CPU
		{DE2616F0-27A8-47F5-91CB-CAE134DC8C31}.Debug|Any CPU.ActiveCfg = Debug|Any CPU
		{DE2616F0-27A8-47F5-91CB-CAE134DC8C31}.Debug|Any CPU.Build.0 = Debug|Any CPU
		{DE2616F0-27A8-47F5-91CB-CAE134DC8C31}.Release|Any CPU.ActiveCfg = Release|Any CPU
		{DE2616F0-27A8-47F5-91CB-CAE134DC8C31}.Release|Any CPU.Build.0 = Release|Any CPU
		{73572DD4-2BCE-49D7-AA3F-55F9A729B413}.Debug|Any CPU.ActiveCfg = Debug|Any CPU
		{73572DD4-2BCE-49D7-AA3F-55F9A729B413}.Debug|Any CPU.Build.0 = Debug|Any CPU
		{73572DD4-2BCE-49D7-AA3F-55F9A729B413}.Release|Any CPU.ActiveCfg = Release|Any CPU
		{73572DD4-2BCE-49D7-AA3F-55F9A729B413}.Release|Any CPU.Build.0 = Release|Any CPU
		{9B209E5E-0DB1-4622-AF03-D2C074335276}.Debug|Any CPU.ActiveCfg = Debug|Any CPU
		{9B209E5E-0DB1-4622-AF03-D2C074335276}.Debug|Any CPU.Build.0 = Debug|Any CPU
		{9B209E5E-0DB1-4622-AF03-D2C074335276}.Release|Any CPU.ActiveCfg = Release|Any CPU
		{9B209E5E-0DB1-4622-AF03-D2C074335276}.Release|Any CPU.Build.0 = Release|Any CPU
		{F307C851-2830-4B77-9F09-79FCA4787FA5}.Debug|Any CPU.ActiveCfg = Debug|Any CPU
		{F307C851-2830-4B77-9F09-79FCA4787FA5}.Debug|Any CPU.Build.0 = Debug|Any CPU
		{F307C851-2830-4B77-9F09-79FCA4787FA5}.Release|Any CPU.ActiveCfg = Release|Any CPU
		{F307C851-2830-4B77-9F09-79FCA4787FA5}.Release|Any CPU.Build.0 = Release|Any CPU
	EndGlobalSection
	GlobalSection(SolutionProperties) = preSolution
		HideSolutionNode = FALSE
	EndGlobalSection
	GlobalSection(NestedProjects) = preSolution
		{AB89EF9B-BF6D-489E-909F-0968775FB027} = {0276850E-4AAB-4B56-BD57-D87AE48C56EA}
		{DE2616F0-27A8-47F5-91CB-CAE134DC8C31} = {0276850E-4AAB-4B56-BD57-D87AE48C56EA}
	EndGlobalSection
	GlobalSection(ExtensibilityGlobals) = postSolution
		SolutionGuid = {E4B10B62-9B23-4F94-9548-3B7FC03CE7B7}
	EndGlobalSection
EndGlobal
